
Microsoft Visual Studio Solution File, Format Version 12.00
# Visual Studio Version 17
VisualStudioVersion = 17.10.35013.160
MinimumVisualStudioVersion = 10.0.40219.1
Project("{FAE04EC0-301F-11D3-BF4B-00C04F79EFBC}") = "ConsoleApp1", "ConsoleApp1\ConsoleApp1.csproj", "{9FC4ADA4-081C-4E14-A171-3B376DE0ECCF}"
EndProject
Global
	GlobalSection(SolutionConfigurationPlatforms) = preSolution
		Debug|Any CPU = Debug|Any CPU
		Release|Any CPU = Release|Any CPU
	EndGlobalSection
	GlobalSection(ProjectConfigurationPlatforms) = postSolution
		{9FC4ADA4-081C-4E14-A171-3B376DE0ECCF}.Debug|Any CPU.ActiveCfg = Debug|Any CPU
		{9FC4ADA4-081C-4E14-A171-3B376DE0ECCF}.Debug|Any CPU.Build.0 = Debug|Any CPU
		{9FC4ADA4-081C-4E14-A171-3B376DE0ECCF}.Release|Any CPU.ActiveCfg = Release|Any CPU
		{9FC4ADA4-081C-4E14-A171-3B376DE0ECCF}.Release|Any CPU.Build.0 = Release|Any CPU
	EndGlobalSection
	GlobalSection(SolutionProperties) = preSolution
		HideSolutionNode = FALSE
	EndGlobalSection
	GlobalSection(ExtensibilityGlobals) = postSolution
		SolutionGuid = {51440761-C406-48DE-97EA-83A1FC5C8AFA}
	EndGlobalSection
EndGlobal
